
Microsoft Visual Studio Solution File, Format Version 12.00
# Visual Studio Version 17
VisualStudioVersion = 17.10.35013.160
MinimumVisualStudioVersion = 10.0.40219.1
Project("{FAE04EC0-301F-11D3-BF4B-00C04F79EFBC}") = "S3ClientConAppCS", "S3ClientConAppCS\S3ClientConAppCS.csproj", "{1A5E24F7-70B9-43FB-BCC3-3BCF5FE5067F}"
EndProject
Global
	GlobalSection(SolutionConfigurationPlatforms) = preSolution
		Debug|Any CPU = Debug|Any CPU
		Release|Any CPU = Release|Any CPU
	EndGlobalSection
	GlobalSection(ProjectConfigurationPlatforms) = postSolution
		{1A5E24F7-70B9-43FB-BCC3-3BCF5FE5067F}.Debug|Any CPU.ActiveCfg = Debug|Any CPU
		{1A5E24F7-70B9-43FB-BCC3-3BCF5FE5067F}.Debug|Any CPU.Build.0 = Debug|Any CPU
		{1A5E24F7-70B9-43FB-BCC3-3BCF5FE5067F}.Release|Any CPU.ActiveCfg = Release|Any CPU
		{1A5E24F7-70B9-43FB-BCC3-3BCF5FE5067F}.Release|Any CPU.Build.0 = Release|Any CPU
	EndGlobalSection
	GlobalSection(SolutionProperties) = preSolution
		HideSolutionNode = FALSE
	EndGlobalSection
	GlobalSection(ExtensibilityGlobals) = postSolution
		SolutionGuid = {46ACC56E-02BD-42AB-B73C-D01599DF1B6E}
	EndGlobalSection
EndGlobal
